
Microsoft Visual Studio Solution File, Format Version 12.00
# Visual Studio Version 17
VisualStudioVersion = 17.13.35806.99 d17.13
MinimumVisualStudioVersion = 10.0.40219.1
Project("{888888A0-9F3D-457C-B088-3A5042F75D52}") = "FreeSwapP2P", "FreeSwapP2P\FreeSwapP2P.pyproj", "{436790D4-D32B-474E-BAAF-B53F253D7EF9}"
EndProject
Global
	GlobalSection(SolutionConfigurationPlatforms) = preSolution
		Debug|Any CPU = Debug|Any CPU
		Release|Any CPU = Release|Any CPU
	EndGlobalSection
	GlobalSection(ProjectConfigurationPlatforms) = postSolution
		{436790D4-D32B-474E-BAAF-B53F253D7EF9}.Debug|Any CPU.ActiveCfg = Debug|Any CPU
		{436790D4-D32B-474E-BAAF-B53F253D7EF9}.Release|Any CPU.ActiveCfg = Release|Any CPU
	EndGlobalSection
	GlobalSection(SolutionProperties) = preSolution
		HideSolutionNode = FALSE
	EndGlobalSection
	GlobalSection(ExtensibilityGlobals) = postSolution
		SolutionGuid = {FDC6E216-E765-4410-AA0F-8D2D8BD71B19}
	EndGlobalSection
EndGlobal
